{
  "name": "git-stats",
  "lockfileVersion": 2,
  "requires": true,
  "packages": {
    "": {
      "dependencies": {
        "missing-native-js-functions": "^1.2.6"
      }
    },
    "node_modules/missing-native-js-functions": {
      "version": "1.2.6",
      "resolved": "https://registry.npmjs.org/missing-native-js-functions/-/missing-native-js-functions-1.2.6.tgz",
      "integrity": "sha512-LnlXy/PJF5oHkI7VAInYuwsR/uBcfyTDS9xcAAGHcv54Us3Ucb99gr3dZ2LOmcuHfHC92h0Wa3nk3VhqeXUWpw=="
    }
  },
  "dependencies": {
    "missing-native-js-functions": {
      "version": "1.2.6",
      "resolved": "https://registry.npmjs.org/missing-native-js-functions/-/missing-native-js-functions-1.2.6.tgz",
      "integrity": "sha512-LnlXy/PJF5oHkI7VAInYuwsR/uBcfyTDS9xcAAGHcv54Us3Ucb99gr3dZ2LOmcuHfHC92h0Wa3nk3VhqeXUWpw=="
    }
  }
}
